{
  "name": "RunnersHigh",
  "lockfileVersion": 2,
  "requires": true,
  "packages": {
    "": {
      "dependencies": {
        "leva": "^0.9.14"
      }
    },
    "node_modules/@babel/runtime": {
      "version": "7.16.0",
      "resolved": "https://registry.npmjs.org/@babel/runtime/-/runtime-7.16.0.tgz",
      "integrity": "sha512-Nht8L0O8YCktmsDV6FqFue7vQLRx3Hb0B37lS5y0jDRqRxlBG4wIJHnf9/bgSE2UyipKFA01YtS+npRdTWBUyw==",
      "dependencies": {
        "regenerator-runtime": "^0.13.4"
      },
      "engines": {
        "node": ">=6.9.0"
      }
    },
    "node_modules/@radix-ui/popper": {
      "version": "0.0.10",
      "resolved": "https://registry.npmjs.org/@radix-ui/popper/-/popper-0.0.10.tgz",
      "integrity": "sha512-YFKuPqQPKscreQid7NuB4it3PMzSwGg03vgrud6sVliHkI43QNAOHyrHyMNo015jg6QK5GVDn+7J2W5uygqSGA==",
      "dependencies": {
        "@babel/runtime": "^7.13.10",
        "csstype": "^3.0.4"
      }
    },
    "node_modules/@radix-ui/primitive": {
      "version": "0.0.5",
      "resolved": "https://registry.npmjs.org/@radix-ui/primitive/-/primitive-0.0.5.tgz",
      "integrity": "sha512-VeL6A5LpKYRJhDDj5tCTnzP3zm+FnvybsAkgBHQ4LUPPBnqRdWLoyKpZhlwFze/z22QHINaTIcE9Z/fTcrUR1g==",
      "dependencies": {
        "@babel/runtime": "^7.13.10"
      }
    },
    "node_modules/@radix-ui/react-arrow": {
      "version": "0.0.13",
      "resolved": "https://registry.npmjs.org/@radix-ui/react-arrow/-/react-arrow-0.0.13.tgz",
      "integrity": "sha512-BHBAULgQYmj36BrJ+1AGhC5p4QjJaE+szJgJ1a1EYOM3G6QOeIQKYvIm8TPEdKAiJhAivK+jZFccsE4Blzqc9g==",
      "dependencies": {
        "@babel/runtime": "^7.13.10",
        "@radix-ui/react-polymorphic": "0.0.11",
        "@radix-ui/react-primitive": "0.0.13"
      },
      "peerDependencies": {
        "react": "^16.8 || ^17.0"
      }
    },
    "node_modules/@radix-ui/react-compose-refs": {
      "version": "0.0.5",
      "resolved": "https://registry.npmjs.org/@radix-ui/react-compose-refs/-/react-compose-refs-0.0.5.tgz",
      "integrity": "sha512-O9mH9X/2EwuAEEoZXrU4alcrRbAhhZHGpIJ5bOH6rmRcokhaoWRBY1tOEe2lgHdb/bkKrY+viLi4Zq8Ju6/09Q==",
      "dependencies": {
        "@babel/runtime": "^7.13.10"
      },
      "peerDependencies": {
        "react": "^16.8 || ^17.0"
      }
    },
    "node_modules/@radix-ui/react-context": {
      "version": "0.0.5",
      "resolved": "https://registry.npmjs.org/@radix-ui/react-context/-/react-context-0.0.5.tgz",
      "integrity": "sha512-bwrzAc0qc2EPepSTLBT4+93uCiI9wP78VSmPg2K+k71O/vpx7dPs0VqrewwCBNCHT54NIwaRr2hEsm2uqYi02A==",
      "dependencies": {
        "@babel/runtime": "^7.13.10"
      },
      "peerDependencies": {
        "react": "^16.8 || ^17.0"
      }
    },
    "node_modules/@radix-ui/react-id": {
      "version": "0.0.6",
      "resolved": "https://registry.npmjs.org/@radix-ui/react-id/-/react-id-0.0.6.tgz",
      "integrity": "sha512-PzmraF34fYggsYvTIZVJ5S68WMp3aKUN3HkSmGnz4zn9zpRjkAbbg7Xn3ueQI3FQsLWKgyUfnpsmWFDndpcqYg==",
      "dependencies": {
        "@babel/runtime": "^7.13.10"
      },
      "peerDependencies": {
        "react": "^16.8 || ^17.0"
      }
    },
    "node_modules/@radix-ui/react-polymorphic": {
      "version": "0.0.11",
      "resolved": "https://registry.npmjs.org/@radix-ui/react-polymorphic/-/react-polymorphic-0.0.11.tgz",
      "integrity": "sha512-CztM4962esOx3i1ls6GuY9RBYIY2Df1Bmp5emHRTxZi8owyCZwZYPctYaDuMO0qIGikPiKD8HBion/m7VWUyEA==",
      "dependencies": {
        "@babel/runtime": "^7.13.10"
      },
      "peerDependencies": {
        "react": "^16.8 || ^17.0"
      }
    },
    "node_modules/@radix-ui/react-popper": {
      "version": "0.0.16",
      "resolved": "https://registry.npmjs.org/@radix-ui/react-popper/-/react-popper-0.0.16.tgz",
      "integrity": "sha512-njciQ/eIKaDF9h+27Pwi1H6NliQbzTgaHOsT0w/Lxx4vfMe8zcHtiEigYVGErNR4zAYlbW72KzLjtngtNnaorg==",
      "dependencies": {
        "@babel/runtime": "^7.13.10",
        "@radix-ui/popper": "0.0.10",
        "@radix-ui/react-arrow": "0.0.13",
        "@radix-ui/react-compose-refs": "0.0.5",
        "@radix-ui/react-context": "0.0.5",
        "@radix-ui/react-polymorphic": "0.0.11",
        "@radix-ui/react-primitive": "0.0.13",
        "@radix-ui/react-use-rect": "0.0.7",
        "@radix-ui/react-use-size": "0.0.6",
        "@radix-ui/rect": "0.0.5"
      },
      "peerDependencies": {
        "react": "^16.8 || ^17.0"
      }
    },
    "node_modules/@radix-ui/react-portal": {
      "version": "0.0.13",
      "resolved": "https://registry.npmjs.org/@radix-ui/react-portal/-/react-portal-0.0.13.tgz",
      "integrity": "sha512-Mw5hrxds2T9HTGwdDbvlKGvTUfcuKhPtqxLnizOrM685e80j+pfjAAfMSXSyfmra9KFQvk3XxmUP0d4U6+kzMg==",
      "dependencies": {
        "@babel/runtime": "^7.13.10",
        "@radix-ui/react-polymorphic": "0.0.11",
        "@radix-ui/react-primitive": "0.0.13",
        "@radix-ui/react-use-layout-effect": "0.0.5"
      },
      "peerDependencies": {
        "react": "^16.8 || ^17.0",
        "react-dom": "^16.8 || ^17.0"
      }
    },
    "node_modules/@radix-ui/react-presence": {
      "version": "0.0.14",
      "resolved": "https://registry.npmjs.org/@radix-ui/react-presence/-/react-presence-0.0.14.tgz",
      "integrity": "sha512-ufof9B76DHXV0sC8H7Lswh2AepdJFG8qEtF32JWrbA9N1bl2Jnf9px76KsagyC0MA8crGEZO5A96wizGuSgGWQ==",
      "dependencies": {
        "@babel/runtime": "^7.13.10",
        "@radix-ui/react-compose-refs": "0.0.5"
      },
      "peerDependencies": {
        "react": ">=16.8"
      }
    },
    "node_modules/@radix-ui/react-primitive": {
      "version": "0.0.13",
      "resolved": "https://registry.npmjs.org/@radix-ui/react-primitive/-/react-primitive-0.0.13.tgz",
      "integrity": "sha512-6xxWzw67t7ZuN9Ikn9NNQdb/HSF7dNHPN3kPcgjiVgTEZa3tKk1xjSxGjjQztE61g9GrnTLpu7mBjmEuZDI/lA==",
      "dependencies": {
        "@babel/runtime": "^7.13.10",
        "@radix-ui/react-polymorphic": "0.0.11"
      },
      "peerDependencies": {
        "react": "^16.8 || ^17.0"
      }
    },
    "node_modules/@radix-ui/react-slot": {
      "version": "0.0.10",
      "resolved": "https://registry.npmjs.org/@radix-ui/react-slot/-/react-slot-0.0.10.tgz",
      "integrity": "sha512-p0jJj6lTz1RV2imavnclk8Gda002ZSDR4/zPJ4EQBhspGnx7Y8l6G59c8lxJrT7c7F46F2eRNjpTTjFqqir6EQ==",
      "dependencies": {
        "@babel/runtime": "^7.13.10",
        "@radix-ui/primitive": "0.0.5",
        "@radix-ui/react-compose-refs": "0.0.5"
      },
      "peerDependencies": {
        "react": "^16.8 || ^17.0"
      }
    },
    "node_modules/@radix-ui/react-tooltip": {
      "version": "0.0.18",
      "resolved": "https://registry.npmjs.org/@radix-ui/react-tooltip/-/react-tooltip-0.0.18.tgz",
      "integrity": "sha512-oYRAbbTZJ8zEokrrk5pe7QbzF+ZnzMby8mBplrkColi0ntToJ7RKzPgUs1OOFvmg/Nld0Iy2FufrTNlyyEI3kQ==",
      "dependencies": {
        "@babel/runtime": "^7.13.10",
        "@radix-ui/primitive": "0.0.5",
        "@radix-ui/react-compose-refs": "0.0.5",
        "@radix-ui/react-context": "0.0.5",
        "@radix-ui/react-id": "0.0.6",
        "@radix-ui/react-polymorphic": "0.0.11",
        "@radix-ui/react-popper": "0.0.16",
        "@radix-ui/react-portal": "0.0.13",
        "@radix-ui/react-presence": "0.0.14",
        "@radix-ui/react-primitive": "0.0.13",
        "@radix-ui/react-slot": "0.0.10",
        "@radix-ui/react-use-controllable-state": "0.0.6",
        "@radix-ui/react-use-escape-keydown": "0.0.6",
        "@radix-ui/react-use-layout-effect": "0.0.5",
        "@radix-ui/react-use-previous": "0.0.5",
        "@radix-ui/react-use-rect": "0.0.7",
        "@radix-ui/react-visually-hidden": "0.0.13"
      },
      "peerDependencies": {
        "react": "^16.8 || ^17.0",
        "react-dom": "^16.8 || ^17.0"
      }
    },
    "node_modules/@radix-ui/react-use-callback-ref": {
      "version": "0.0.5",
      "resolved": "https://registry.npmjs.org/@radix-ui/react-use-callback-ref/-/react-use-callback-ref-0.0.5.tgz",
      "integrity": "sha512-z1AI221vmq9f3vsDyrCsGLCatKagbM1YeCGdRMhMsUBzFFCaJ+Axyoe/ndVqW8wwsraGWr1zYVAhIEdlC0GvPg==",
      "dependencies": {
        "@babel/runtime": "^7.13.10"
      },
      "peerDependencies": {
        "react": "^16.8 || ^17.0"
      }
    },
    "node_modules/@radix-ui/react-use-controllable-state": {
      "version": "0.0.6",
      "resolved": "https://registry.npmjs.org/@radix-ui/react-use-controllable-state/-/react-use-controllable-state-0.0.6.tgz",
      "integrity": "sha512-fBk4hUSKc4N7X/NAaifWYfKKfNuOB9xvj0MBQQYS5oOTNRgg4y8/Ax3jZ0adsplXDm7ix75sxqWm0nrvUoAjcw==",
      "dependencies": {
        "@babel/runtime": "^7.13.10",
        "@radix-ui/react-use-callback-ref": "0.0.5"
      },
      "peerDependencies": {
        "react": "^16.8 || ^17.0"
      }
    },
    "node_modules/@radix-ui/react-use-escape-keydown": {
      "version": "0.0.6",
      "resolved": "https://registry.npmjs.org/@radix-ui/react-use-escape-keydown/-/react-use-escape-keydown-0.0.6.tgz",
      "integrity": "sha512-MJpVj21BYwWllmp2xbXPqpKPssJ1WWrZi+Qx7PY5hVcBhQr5Jo6yKwIX677pH5Yql95ENTTT5LW3q+LVFYIISw==",
      "dependencies": {
        "@babel/runtime": "^7.13.10",
        "@radix-ui/react-use-callback-ref": "0.0.5"
      },
      "peerDependencies": {
        "react": "^16.8 || ^17.0"
      }
    },
    "node_modules/@radix-ui/react-use-layout-effect": {
      "version": "0.0.5",
      "resolved": "https://registry.npmjs.org/@radix-ui/react-use-layout-effect/-/react-use-layout-effect-0.0.5.tgz",
      "integrity": "sha512-bNPW2JNOr/p2hXr0hfKKqrEy5deNSRF17sw3l9Z7qlEnvIbBtQ7iwY/wrxIz5P7XFyYGoXodIUDH5G8PEucE3A==",
      "dependencies": {
        "@babel/runtime": "^7.13.10"
      },
      "peerDependencies": {
        "react": "^16.8 || ^17.0"
      }
    },
    "node_modules/@radix-ui/react-use-previous": {
      "version": "0.0.5",
      "resolved": "https://registry.npmjs.org/@radix-ui/react-use-previous/-/react-use-previous-0.0.5.tgz",
      "integrity": "sha512-GjtJlWlDAEMqCm2RDnVdWI6tk4/ZQfRq/VlP05Xy5rFZj6lD37VZWVWUELMBasRPzd2AS/9wPmphOgjH0VnE5A==",
      "dependencies": {
        "@babel/runtime": "^7.13.10"
      },
      "peerDependencies": {
        "react": "^16.8 || ^17.0"
      }
    },
    "node_modules/@radix-ui/react-use-rect": {
      "version": "0.0.7",
      "resolved": "https://registry.npmjs.org/@radix-ui/react-use-rect/-/react-use-rect-0.0.7.tgz",
      "integrity": "sha512-OmaeFTgyiGNAchaxzDu+kFLz4Ly8RUcT5nwfoz4Nddd86I8Zdq93iNFnOpVLoVYqBnFEmvR6zexHXNFATrMbbQ==",
      "dependencies": {
        "@babel/runtime": "^7.13.10",
        "@radix-ui/rect": "0.0.5"
      },
      "peerDependencies": {
        "react": "^16.8 || ^17.0"
      }
    },
    "node_modules/@radix-ui/react-use-size": {
      "version": "0.0.6",
      "resolved": "https://registry.npmjs.org/@radix-ui/react-use-size/-/react-use-size-0.0.6.tgz",
      "integrity": "sha512-kP4RIb2I5oHQzwzXJ21Hu8htNqf+sdaRzywxQpbj+hmqeUhpvIkhoq+ShNWV9wE/3c1T7gPnka8/nKYsKaKdCg==",
      "dependencies": {
        "@babel/runtime": "^7.13.10"
      },
      "peerDependencies": {
        "react": "^16.8 || ^17.0"
      }
    },
    "node_modules/@radix-ui/react-visually-hidden": {
      "version": "0.0.13",
      "resolved": "https://registry.npmjs.org/@radix-ui/react-visually-hidden/-/react-visually-hidden-0.0.13.tgz",
      "integrity": "sha512-8VNuE4/3PnyrLv1je56fxaa5qka0Nb6/FlyQEDF2HCPpxVOWR4sxRfSBe8cjy+Me+pJN9ZoKBIuoFCVRk54xJA==",
      "dependencies": {
        "@babel/runtime": "^7.13.10",
        "@radix-ui/react-polymorphic": "0.0.11",
        "@radix-ui/react-primitive": "0.0.13"
      },
      "peerDependencies": {
        "react": "^16.8 || ^17.0"
      }
    },
    "node_modules/@radix-ui/rect": {
      "version": "0.0.5",
      "resolved": "https://registry.npmjs.org/@radix-ui/rect/-/rect-0.0.5.tgz",
      "integrity": "sha512-gXw171KbjyttA7K1DRIvPguLmKsg8raitB67MIcsdZwcquy+a1O2w3xY21NIKEqGhJwqJkECPUmMJDXgMNYuAg==",
      "dependencies": {
        "@babel/runtime": "^7.13.10"
      }
    },
    "node_modules/@stitches/react": {
      "version": "0.2.0",
      "resolved": "https://registry.npmjs.org/@stitches/react/-/react-0.2.0.tgz",
      "integrity": "sha512-HJozXVJi+A53woKk1ePVI8iEv5zmldYGPE2hGwsXrBEo+y/aY4R/2G+xvwQPj1tVlG8LuqsyRGNfLaVSAjsumA==",
      "peerDependencies": {
        "react": ">= 17.0.0"
      }
    },
    "node_modules/@welldone-software/why-did-you-render": {
      "version": "6.2.1",
      "resolved": "https://registry.npmjs.org/@welldone-software/why-did-you-render/-/why-did-you-render-6.2.1.tgz",
      "integrity": "sha512-eIVKeK6ueS3tuzCqMVTaaNrPYvb9cA8NHiNgLA7Op8SD4TiT31zqNjxmhzLEK+y3sBxcwr6YhsiQGX9EThrvaw==",
      "dependencies": {
        "lodash": "^4"
      },
      "peerDependencies": {
        "react": "^16 || ^17"
      }
    },
    "node_modules/assign-symbols": {
      "version": "1.0.0",
      "resolved": "https://registry.npmjs.org/assign-symbols/-/assign-symbols-1.0.0.tgz",
      "integrity": "sha1-WWZ/QfrdTyDMvCu5a41Pf3jsA2c=",
      "engines": {
        "node": ">=0.10.0"
      }
    },
    "node_modules/attr-accept": {
      "version": "2.2.2",
      "resolved": "https://registry.npmjs.org/attr-accept/-/attr-accept-2.2.2.tgz",
      "integrity": "sha512-7prDjvt9HmqiZ0cl5CRjtS84sEyhsHP2coDkaZKRKVfCDo9s7iw7ChVmar78Gu9pC4SoR/28wFu/G5JJhTnqEg==",
      "engines": {
        "node": ">=4"
      }
    },
    "node_modules/colord": {
      "version": "2.9.1",
      "resolved": "https://registry.npmjs.org/colord/-/colord-2.9.1.tgz",
      "integrity": "sha512-4LBMSt09vR0uLnPVkOUBnmxgoaeN4ewRbx801wY/bXcltXfpR/G46OdWn96XpYmCWuYvO46aBZP4NgX8HpNAcw=="
    },
    "node_modules/csstype": {
      "version": "3.0.9",
      "resolved": "https://registry.npmjs.org/csstype/-/csstype-3.0.9.tgz",
      "integrity": "sha512-rpw6JPxK6Rfg1zLOYCSwle2GFOOsnjmDYDaBwEcwoOg4qlsIVCN789VkBZDJAGi4T07gI4YSutR43t9Zz4Lzuw=="
    },
    "node_modules/dequal": {
      "version": "2.0.2",
      "resolved": "https://registry.npmjs.org/dequal/-/dequal-2.0.2.tgz",
      "integrity": "sha512-q9K8BlJVxK7hQYqa6XISGmBZbtQQWVXSrRrWreHC94rMt1QL/Impruc+7p2CYSYuVIUr+YCt6hjrs1kkdJRTug==",
      "engines": {
        "node": ">=6"
      }
    },
    "node_modules/extend-shallow": {
      "version": "2.0.1",
      "resolved": "https://registry.npmjs.org/extend-shallow/-/extend-shallow-2.0.1.tgz",
      "integrity": "sha1-Ua99YUrZqfYQ6huvu5idaxxWiQ8=",
      "dependencies": {
        "is-extendable": "^0.1.0"
      },
      "engines": {
        "node": ">=0.10.0"
      }
    },
    "node_modules/extend-shallow/node_modules/is-extendable": {
      "version": "0.1.1",
      "resolved": "https://registry.npmjs.org/is-extendable/-/is-extendable-0.1.1.tgz",
      "integrity": "sha1-YrEQ4omkcUGOPsNqYX1HLjAd/Ik=",
      "engines": {
        "node": ">=0.10.0"
      }
    },
    "node_modules/file-selector": {
      "version": "0.2.4",
      "resolved": "https://registry.npmjs.org/file-selector/-/file-selector-0.2.4.tgz",
      "integrity": "sha512-ZDsQNbrv6qRi1YTDOEWzf5J2KjZ9KMI1Q2SGeTkCJmNNW25Jg4TW4UMcmoqcg4WrAyKRcpBXdbWRxkfrOzVRbA==",
      "dependencies": {
        "tslib": "^2.0.3"
      },
      "engines": {
        "node": ">= 10"
      }
    },
    "node_modules/for-in": {
      "version": "1.0.2",
      "resolved": "https://registry.npmjs.org/for-in/-/for-in-1.0.2.tgz",
      "integrity": "sha1-gQaNKVqBQuwKxybG4iAMMPttXoA=",
      "engines": {
        "node": ">=0.10.0"
      }
    },
    "node_modules/get-value": {
      "version": "2.0.6",
      "resolved": "https://registry.npmjs.org/get-value/-/get-value-2.0.6.tgz",
      "integrity": "sha1-3BXKHGcjh8p2vTesCjlbogQqLCg=",
      "engines": {
        "node": ">=0.10.0"
      }
    },
    "node_modules/is-extendable": {
      "version": "1.0.1",
      "resolved": "https://registry.npmjs.org/is-extendable/-/is-extendable-1.0.1.tgz",
      "integrity": "sha512-arnXMxT1hhoKo9k1LZdmlNyJdDDfy2v0fXjFlmok4+i8ul/6WlbVge9bhM74OpNPQPMGUToDtz+KXa1PneJxOA==",
      "dependencies": {
        "is-plain-object": "^2.0.4"
      },
      "engines": {
        "node": ">=0.10.0"
      }
    },
    "node_modules/is-plain-object": {
      "version": "2.0.4",
      "resolved": "https://registry.npmjs.org/is-plain-object/-/is-plain-object-2.0.4.tgz",
      "integrity": "sha512-h5PpgXkWitc38BBMYawTYMWJHFZJVnBquFE57xFpjB8pJFiF6gZ+bU+WyI/yqXiFR5mdLsgYNaPe8uao6Uv9Og==",
      "dependencies": {
        "isobject": "^3.0.1"
      },
      "engines": {
        "node": ">=0.10.0"
      }
    },
    "node_modules/isobject": {
      "version": "3.0.1",
      "resolved": "https://registry.npmjs.org/isobject/-/isobject-3.0.1.tgz",
      "integrity": "sha1-TkMekrEalzFjaqH5yNHMvP2reN8=",
      "engines": {
        "node": ">=0.10.0"
      }
    },
    "node_modules/js-tokens": {
      "version": "4.0.0",
      "resolved": "https://registry.npmjs.org/js-tokens/-/js-tokens-4.0.0.tgz",
      "integrity": "sha512-RdJUflcE3cUzKiMqQgsCu06FPu9UdIJO0beYbPhHN4k6apgJtifcoCtT9bcxOpYBtpD2kCM6Sbzg4CausW/PKQ=="
    },
    "node_modules/leva": {
      "version": "0.9.14",
      "resolved": "https://registry.npmjs.org/leva/-/leva-0.9.14.tgz",
      "integrity": "sha512-AhwgLGBuBdS+uI3pFrEMUOfFqrBhP5PteawQ/KjwK5U0gHnTAzappMfKk2nZsbm+Sko5mInfi6AYPIY1wk0DxQ==",
      "dependencies": {
        "@radix-ui/react-portal": "^0.0.13",
        "@radix-ui/react-tooltip": "0.0.18",
        "@stitches/react": "0.2.0",
        "@welldone-software/why-did-you-render": "^6.2.0",
        "colord": "^2.0.1",
        "dequal": "^2.0.2",
        "merge-value": "^1.0.0",
        "react-colorful": "^5.2.2",
        "react-dropzone": "^11.3.2",
        "react-use-gesture": "^9.1.3",
        "v8n": "^1.3.3",
        "zustand": "^3.5.2"
      },
      "peerDependencies": {
        "react": ">=16.8.0",
        "react-dom": ">=16.8.0"
      }
    },
    "node_modules/lodash": {
      "version": "4.17.21",
      "resolved": "https://registry.npmjs.org/lodash/-/lodash-4.17.21.tgz",
      "integrity": "sha512-v2kDEe57lecTulaDIuNTPy3Ry4gLGJ6Z1O3vE1krgXZNrsQ+LFTGHVxVjcXPs17LhbZVGedAJv8XZ1tvj5FvSg=="
    },
    "node_modules/loose-envify": {
      "version": "1.4.0",
      "resolved": "https://registry.npmjs.org/loose-envify/-/loose-envify-1.4.0.tgz",
      "integrity": "sha512-lyuxPGr/Wfhrlem2CL/UcnUc1zcqKAImBDzukY7Y5F/yQiNdko6+fRLevlw1HgMySw7f611UIY408EtxRSoK3Q==",
      "dependencies": {
        "js-tokens": "^3.0.0 || ^4.0.0"
      },
      "bin": {
        "loose-envify": "cli.js"
      }
    },
    "node_modules/merge-value": {
      "version": "1.0.0",
      "resolved": "https://registry.npmjs.org/merge-value/-/merge-value-1.0.0.tgz",
      "integrity": "sha512-fJMmvat4NeKz63Uv9iHWcPDjCWcCkoiRoajRTEO8hlhUC6rwaHg0QCF9hBOTjZmm4JuglPckPSTtcuJL5kp0TQ==",
      "dependencies": {
        "get-value": "^2.0.6",
        "is-extendable": "^1.0.0",
        "mixin-deep": "^1.2.0",
        "set-value": "^2.0.0"
      },
      "engines": {
        "node": ">=0.10.0"
      }
    },
    "node_modules/mixin-deep": {
      "version": "1.3.2",
      "resolved": "https://registry.npmjs.org/mixin-deep/-/mixin-deep-1.3.2.tgz",
      "integrity": "sha512-WRoDn//mXBiJ1H40rqa3vH0toePwSsGb45iInWlTySa+Uu4k3tYUSxa2v1KqAiLtvlrSzaExqS1gtk96A9zvEA==",
      "dependencies": {
        "for-in": "^1.0.2",
        "is-extendable": "^1.0.1"
      },
      "engines": {
        "node": ">=0.10.0"
      }
    },
    "node_modules/object-assign": {
      "version": "4.1.1",
      "resolved": "https://registry.npmjs.org/object-assign/-/object-assign-4.1.1.tgz",
      "integrity": "sha1-IQmtx5ZYh8/AXLvUQsrIv7s2CGM=",
      "engines": {
        "node": ">=0.10.0"
      }
    },
    "node_modules/prop-types": {
      "version": "15.7.2",
      "resolved": "https://registry.npmjs.org/prop-types/-/prop-types-15.7.2.tgz",
      "integrity": "sha512-8QQikdH7//R2vurIJSutZ1smHYTcLpRWEOlHnzcWHmBYrOGUysKwSsrC89BCiFj3CbrfJ/nXFdJepOVrY1GCHQ==",
      "dependencies": {
        "loose-envify": "^1.4.0",
        "object-assign": "^4.1.1",
        "react-is": "^16.8.1"
      }
    },
    "node_modules/react": {
      "version": "17.0.2",
      "resolved": "https://registry.npmjs.org/react/-/react-17.0.2.tgz",
      "integrity": "sha512-gnhPt75i/dq/z3/6q/0asP78D0u592D5L1pd7M8P+dck6Fu/jJeL6iVVK23fptSUZj8Vjf++7wXA8UNclGQcbA==",
      "peer": true,
      "dependencies": {
        "loose-envify": "^1.1.0",
        "object-assign": "^4.1.1"
      },
      "engines": {
        "node": ">=0.10.0"
      }
    },
    "node_modules/react-colorful": {
      "version": "5.5.0",
      "resolved": "https://registry.npmjs.org/react-colorful/-/react-colorful-5.5.0.tgz",
      "integrity": "sha512-BuzrlrM0ylg7coPkXOrRqlf2BgHLw5L44sybbr9Lg4xy7w9e5N7fGYbojOO0s8J0nvrM3PERN2rVFkvSa24lnQ==",
      "peerDependencies": {
        "react": ">=16.8.0",
        "react-dom": ">=16.8.0"
      }
    },
    "node_modules/react-dom": {
      "version": "17.0.2",
      "resolved": "https://registry.npmjs.org/react-dom/-/react-dom-17.0.2.tgz",
      "integrity": "sha512-s4h96KtLDUQlsENhMn1ar8t2bEa+q/YAtj8pPPdIjPDGBDIVNsrD9aXNWqspUe6AzKCIG0C1HZZLqLV7qpOBGA==",
      "peer": true,
      "dependencies": {
        "loose-envify": "^1.1.0",
        "object-assign": "^4.1.1",
        "scheduler": "^0.20.2"
      },
      "peerDependencies": {
        "react": "17.0.2"
      }
    },
    "node_modules/react-dropzone": {
      "version": "11.4.2",
      "resolved": "https://registry.npmjs.org/react-dropzone/-/react-dropzone-11.4.2.tgz",
      "integrity": "sha512-ocYzYn7Qgp0tFc1gQtUTOaHHSzVTwhWHxxY+r7cj2jJTPfMTZB5GWSJHdIVoxsl+EQENpjJ/6Zvcw0BqKZQ+Eg==",
      "dependencies": {
        "attr-accept": "^2.2.1",
        "file-selector": "^0.2.2",
        "prop-types": "^15.7.2"
      },
      "engines": {
        "node": ">= 10"
      },
      "peerDependencies": {
        "react": ">= 16.8"
      }
    },
    "node_modules/react-is": {
      "version": "16.13.1",
      "resolved": "https://registry.npmjs.org/react-is/-/react-is-16.13.1.tgz",
      "integrity": "sha512-24e6ynE2H+OKt4kqsOvNd8kBpV65zoxbA4BVsEOB3ARVWQki/DHzaUoC5KuON/BiccDaCCTZBuOcfZs70kR8bQ=="
    },
    "node_modules/react-use-gesture": {
      "version": "9.1.3",
      "resolved": "https://registry.npmjs.org/react-use-gesture/-/react-use-gesture-9.1.3.tgz",
      "integrity": "sha512-CdqA2SmS/fj3kkS2W8ZU8wjTbVBAIwDWaRprX7OKaj7HlGwBasGEFggmk5qNklknqk9zK/h8D355bEJFTpqEMg==",
      "deprecated": "This package is no longer maintained. Please use @use-gesture/react instead",
      "peerDependencies": {
        "react": ">= 16.8.0"
      }
    },
    "node_modules/regenerator-runtime": {
      "version": "0.13.9",
      "resolved": "https://registry.npmjs.org/regenerator-runtime/-/regenerator-runtime-0.13.9.tgz",
      "integrity": "sha512-p3VT+cOEgxFsRRA9X4lkI1E+k2/CtnKtU4gcxyaCUreilL/vqI6CdZ3wxVUx3UOUg+gnUOQQcRI7BmSI656MYA=="
    },
    "node_modules/scheduler": {
      "version": "0.20.2",
      "resolved": "https://registry.npmjs.org/scheduler/-/scheduler-0.20.2.tgz",
      "integrity": "sha512-2eWfGgAqqWFGqtdMmcL5zCMK1U8KlXv8SQFGglL3CEtd0aDVDWgeF/YoCmvln55m5zSk3J/20hTaSBeSObsQDQ==",
      "peer": true,
      "dependencies": {
        "loose-envify": "^1.1.0",
        "object-assign": "^4.1.1"
      }
    },
    "node_modules/set-value": {
      "version": "2.0.1",
      "resolved": "https://registry.npmjs.org/set-value/-/set-value-2.0.1.tgz",
      "integrity": "sha512-JxHc1weCN68wRY0fhCoXpyK55m/XPHafOmK4UWD7m2CI14GMcFypt4w/0+NV5f/ZMby2F6S2wwA7fgynh9gWSw==",
      "dependencies": {
        "extend-shallow": "^2.0.1",
        "is-extendable": "^0.1.1",
        "is-plain-object": "^2.0.3",
        "split-string": "^3.0.1"
      },
      "engines": {
        "node": ">=0.10.0"
      }
    },
    "node_modules/set-value/node_modules/is-extendable": {
      "version": "0.1.1",
      "resolved": "https://registry.npmjs.org/is-extendable/-/is-extendable-0.1.1.tgz",
      "integrity": "sha1-YrEQ4omkcUGOPsNqYX1HLjAd/Ik=",
      "engines": {
        "node": ">=0.10.0"
      }
    },
    "node_modules/split-string": {
      "version": "3.1.0",
      "resolved": "https://registry.npmjs.org/split-string/-/split-string-3.1.0.tgz",
      "integrity": "sha512-NzNVhJDYpwceVVii8/Hu6DKfD2G+NrQHlS/V/qgv763EYudVwEcMQNxd2lh+0VrUByXN/oJkl5grOhYWvQUYiw==",
      "dependencies": {
        "extend-shallow": "^3.0.0"
      },
      "engines": {
        "node": ">=0.10.0"
      }
    },
    "node_modules/split-string/node_modules/extend-shallow": {
      "version": "3.0.2",
      "resolved": "https://registry.npmjs.org/extend-shallow/-/extend-shallow-3.0.2.tgz",
      "integrity": "sha1-Jqcarwc7OfshJxcnRhMcJwQCjbg=",
      "dependencies": {
        "assign-symbols": "^1.0.0",
        "is-extendable": "^1.0.1"
      },
      "engines": {
        "node": ">=0.10.0"
      }
    },
    "node_modules/tslib": {
      "version": "2.3.1",
      "resolved": "https://registry.npmjs.org/tslib/-/tslib-2.3.1.tgz",
      "integrity": "sha512-77EbyPPpMz+FRFRuAFlWMtmgUWGe9UOG2Z25NqCwiIjRhOf5iKGuzSe5P2w1laq+FkRy4p+PCuVkJSGkzTEKVw=="
    },
    "node_modules/v8n": {
      "version": "1.3.3",
      "resolved": "https://registry.npmjs.org/v8n/-/v8n-1.3.3.tgz",
      "integrity": "sha512-5w0/blXdz5idt+TJj72Vs69HcRYDARRWFami3bj7TLx8qvOVpyL3D3wdnXVrPLWvSApfVe2vBV54V16QYVlJnA=="
    },
    "node_modules/zustand": {
      "version": "3.6.3",
      "resolved": "https://registry.npmjs.org/zustand/-/zustand-3.6.3.tgz",
      "integrity": "sha512-TJ6QbRxRDiMfiBqEqzgrj1wvtcEiu3sQt5HKFA8IhqPJZNjW+nlJXqVELmaj2vTcMAT4VQ90x8yC+MP1TRWqig==",
      "engines": {
        "node": ">=12.7.0"
      },
      "peerDependencies": {
        "react": ">=16.8"
      },
      "peerDependenciesMeta": {
        "react": {
          "optional": true
        }
      }
    }
  },
  "dependencies": {
    "@babel/runtime": {
      "version": "7.16.0",
      "resolved": "https://registry.npmjs.org/@babel/runtime/-/runtime-7.16.0.tgz",
      "integrity": "sha512-Nht8L0O8YCktmsDV6FqFue7vQLRx3Hb0B37lS5y0jDRqRxlBG4wIJHnf9/bgSE2UyipKFA01YtS+npRdTWBUyw==",
      "requires": {
        "regenerator-runtime": "^0.13.4"
      }
    },
    "@radix-ui/popper": {
      "version": "0.0.10",
      "resolved": "https://registry.npmjs.org/@radix-ui/popper/-/popper-0.0.10.tgz",
      "integrity": "sha512-YFKuPqQPKscreQid7NuB4it3PMzSwGg03vgrud6sVliHkI43QNAOHyrHyMNo015jg6QK5GVDn+7J2W5uygqSGA==",
      "requires": {
        "@babel/runtime": "^7.13.10",
        "csstype": "^3.0.4"
      }
    },
    "@radix-ui/primitive": {
      "version": "0.0.5",
      "resolved": "https://registry.npmjs.org/@radix-ui/primitive/-/primitive-0.0.5.tgz",
      "integrity": "sha512-VeL6A5LpKYRJhDDj5tCTnzP3zm+FnvybsAkgBHQ4LUPPBnqRdWLoyKpZhlwFze/z22QHINaTIcE9Z/fTcrUR1g==",
      "requires": {
        "@babel/runtime": "^7.13.10"
      }
    },
    "@radix-ui/react-arrow": {
      "version": "0.0.13",
      "resolved": "https://registry.npmjs.org/@radix-ui/react-arrow/-/react-arrow-0.0.13.tgz",
      "integrity": "sha512-BHBAULgQYmj36BrJ+1AGhC5p4QjJaE+szJgJ1a1EYOM3G6QOeIQKYvIm8TPEdKAiJhAivK+jZFccsE4Blzqc9g==",
      "requires": {
        "@babel/runtime": "^7.13.10",
        "@radix-ui/react-polymorphic": "0.0.11",
        "@radix-ui/react-primitive": "0.0.13"
      }
    },
    "@radix-ui/react-compose-refs": {
      "version": "0.0.5",
      "resolved": "https://registry.npmjs.org/@radix-ui/react-compose-refs/-/react-compose-refs-0.0.5.tgz",
      "integrity": "sha512-O9mH9X/2EwuAEEoZXrU4alcrRbAhhZHGpIJ5bOH6rmRcokhaoWRBY1tOEe2lgHdb/bkKrY+viLi4Zq8Ju6/09Q==",
      "requires": {
        "@babel/runtime": "^7.13.10"
      }
    },
    "@radix-ui/react-context": {
      "version": "0.0.5",
      "resolved": "https://registry.npmjs.org/@radix-ui/react-context/-/react-context-0.0.5.tgz",
      "integrity": "sha512-bwrzAc0qc2EPepSTLBT4+93uCiI9wP78VSmPg2K+k71O/vpx7dPs0VqrewwCBNCHT54NIwaRr2hEsm2uqYi02A==",
      "requires": {
        "@babel/runtime": "^7.13.10"
      }
    },
    "@radix-ui/react-id": {
      "version": "0.0.6",
      "resolved": "https://registry.npmjs.org/@radix-ui/react-id/-/react-id-0.0.6.tgz",
      "integrity": "sha512-PzmraF34fYggsYvTIZVJ5S68WMp3aKUN3HkSmGnz4zn9zpRjkAbbg7Xn3ueQI3FQsLWKgyUfnpsmWFDndpcqYg==",
      "requires": {
        "@babel/runtime": "^7.13.10"
      }
    },
    "@radix-ui/react-polymorphic": {
      "version": "0.0.11",
      "resolved": "https://registry.npmjs.org/@radix-ui/react-polymorphic/-/react-polymorphic-0.0.11.tgz",
      "integrity": "sha512-CztM4962esOx3i1ls6GuY9RBYIY2Df1Bmp5emHRTxZi8owyCZwZYPctYaDuMO0qIGikPiKD8HBion/m7VWUyEA==",
      "requires": {
        "@babel/runtime": "^7.13.10"
      }
    },
    "@radix-ui/react-popper": {
      "version": "0.0.16",
      "resolved": "https://registry.npmjs.org/@radix-ui/react-popper/-/react-popper-0.0.16.tgz",
      "integrity": "sha512-njciQ/eIKaDF9h+27Pwi1H6NliQbzTgaHOsT0w/Lxx4vfMe8zcHtiEigYVGErNR4zAYlbW72KzLjtngtNnaorg==",
      "requires": {
        "@babel/runtime": "^7.13.10",
        "@radix-ui/popper": "0.0.10",
        "@radix-ui/react-arrow": "0.0.13",
        "@radix-ui/react-compose-refs": "0.0.5",
        "@radix-ui/react-context": "0.0.5",
        "@radix-ui/react-polymorphic": "0.0.11",
        "@radix-ui/react-primitive": "0.0.13",
        "@radix-ui/react-use-rect": "0.0.7",
        "@radix-ui/react-use-size": "0.0.6",
        "@radix-ui/rect": "0.0.5"
      }
    },
    "@radix-ui/react-portal": {
      "version": "0.0.13",
      "resolved": "https://registry.npmjs.org/@radix-ui/react-portal/-/react-portal-0.0.13.tgz",
      "integrity": "sha512-Mw5hrxds2T9HTGwdDbvlKGvTUfcuKhPtqxLnizOrM685e80j+pfjAAfMSXSyfmra9KFQvk3XxmUP0d4U6+kzMg==",
      "requires": {
        "@babel/runtime": "^7.13.10",
        "@radix-ui/react-polymorphic": "0.0.11",
        "@radix-ui/react-primitive": "0.0.13",
        "@radix-ui/react-use-layout-effect": "0.0.5"
      }
    },
    "@radix-ui/react-presence": {
      "version": "0.0.14",
      "resolved": "https://registry.npmjs.org/@radix-ui/react-presence/-/react-presence-0.0.14.tgz",
      "integrity": "sha512-ufof9B76DHXV0sC8H7Lswh2AepdJFG8qEtF32JWrbA9N1bl2Jnf9px76KsagyC0MA8crGEZO5A96wizGuSgGWQ==",
      "requires": {
        "@babel/runtime": "^7.13.10",
        "@radix-ui/react-compose-refs": "0.0.5"
      }
    },
    "@radix-ui/react-primitive": {
      "version": "0.0.13",
      "resolved": "https://registry.npmjs.org/@radix-ui/react-primitive/-/react-primitive-0.0.13.tgz",
      "integrity": "sha512-6xxWzw67t7ZuN9Ikn9NNQdb/HSF7dNHPN3kPcgjiVgTEZa3tKk1xjSxGjjQztE61g9GrnTLpu7mBjmEuZDI/lA==",
      "requires": {
        "@babel/runtime": "^7.13.10",
        "@radix-ui/react-polymorphic": "0.0.11"
      }
    },
    "@radix-ui/react-slot": {
      "version": "0.0.10",
      "resolved": "https://registry.npmjs.org/@radix-ui/react-slot/-/react-slot-0.0.10.tgz",
      "integrity": "sha512-p0jJj6lTz1RV2imavnclk8Gda002ZSDR4/zPJ4EQBhspGnx7Y8l6G59c8lxJrT7c7F46F2eRNjpTTjFqqir6EQ==",
      "requires": {
        "@babel/runtime": "^7.13.10",
        "@radix-ui/primitive": "0.0.5",
        "@radix-ui/react-compose-refs": "0.0.5"
      }
    },
    "@radix-ui/react-tooltip": {
      "version": "0.0.18",
      "resolved": "https://registry.npmjs.org/@radix-ui/react-tooltip/-/react-tooltip-0.0.18.tgz",
      "integrity": "sha512-oYRAbbTZJ8zEokrrk5pe7QbzF+ZnzMby8mBplrkColi0ntToJ7RKzPgUs1OOFvmg/Nld0Iy2FufrTNlyyEI3kQ==",
      "requires": {
        "@babel/runtime": "^7.13.10",
        "@radix-ui/primitive": "0.0.5",
        "@radix-ui/react-compose-refs": "0.0.5",
        "@radix-ui/react-context": "0.0.5",
        "@radix-ui/react-id": "0.0.6",
        "@radix-ui/react-polymorphic": "0.0.11",
        "@radix-ui/react-popper": "0.0.16",
        "@radix-ui/react-portal": "0.0.13",
        "@radix-ui/react-presence": "0.0.14",
        "@radix-ui/react-primitive": "0.0.13",
        "@radix-ui/react-slot": "0.0.10",
        "@radix-ui/react-use-controllable-state": "0.0.6",
        "@radix-ui/react-use-escape-keydown": "0.0.6",
        "@radix-ui/react-use-layout-effect": "0.0.5",
        "@radix-ui/react-use-previous": "0.0.5",
        "@radix-ui/react-use-rect": "0.0.7",
        "@radix-ui/react-visually-hidden": "0.0.13"
      }
    },
    "@radix-ui/react-use-callback-ref": {
      "version": "0.0.5",
      "resolved": "https://registry.npmjs.org/@radix-ui/react-use-callback-ref/-/react-use-callback-ref-0.0.5.tgz",
      "integrity": "sha512-z1AI221vmq9f3vsDyrCsGLCatKagbM1YeCGdRMhMsUBzFFCaJ+Axyoe/ndVqW8wwsraGWr1zYVAhIEdlC0GvPg==",
      "requires": {
        "@babel/runtime": "^7.13.10"
      }
    },
    "@radix-ui/react-use-controllable-state": {
      "version": "0.0.6",
      "resolved": "https://registry.npmjs.org/@radix-ui/react-use-controllable-state/-/react-use-controllable-state-0.0.6.tgz",
      "integrity": "sha512-fBk4hUSKc4N7X/NAaifWYfKKfNuOB9xvj0MBQQYS5oOTNRgg4y8/Ax3jZ0adsplXDm7ix75sxqWm0nrvUoAjcw==",
      "requires": {
        "@babel/runtime": "^7.13.10",
        "@radix-ui/react-use-callback-ref": "0.0.5"
      }
    },
    "@radix-ui/react-use-escape-keydown": {
      "version": "0.0.6",
      "resolved": "https://registry.npmjs.org/@radix-ui/react-use-escape-keydown/-/react-use-escape-keydown-0.0.6.tgz",
      "integrity": "sha512-MJpVj21BYwWllmp2xbXPqpKPssJ1WWrZi+Qx7PY5hVcBhQr5Jo6yKwIX677pH5Yql95ENTTT5LW3q+LVFYIISw==",
      "requires": {
        "@babel/runtime": "^7.13.10",
        "@radix-ui/react-use-callback-ref": "0.0.5"
      }
    },
    "@radix-ui/react-use-layout-effect": {
      "version": "0.0.5",
      "resolved": "https://registry.npmjs.org/@radix-ui/react-use-layout-effect/-/react-use-layout-effect-0.0.5.tgz",
      "integrity": "sha512-bNPW2JNOr/p2hXr0hfKKqrEy5deNSRF17sw3l9Z7qlEnvIbBtQ7iwY/wrxIz5P7XFyYGoXodIUDH5G8PEucE3A==",
      "requires": {
        "@babel/runtime": "^7.13.10"
      }
    },
    "@radix-ui/react-use-previous": {
      "version": "0.0.5",
      "resolved": "https://registry.npmjs.org/@radix-ui/react-use-previous/-/react-use-previous-0.0.5.tgz",
      "integrity": "sha512-GjtJlWlDAEMqCm2RDnVdWI6tk4/ZQfRq/VlP05Xy5rFZj6lD37VZWVWUELMBasRPzd2AS/9wPmphOgjH0VnE5A==",
      "requires": {
        "@babel/runtime": "^7.13.10"
      }
    },
    "@radix-ui/react-use-rect": {
      "version": "0.0.7",
      "resolved": "https://registry.npmjs.org/@radix-ui/react-use-rect/-/react-use-rect-0.0.7.tgz",
      "integrity": "sha512-OmaeFTgyiGNAchaxzDu+kFLz4Ly8RUcT5nwfoz4Nddd86I8Zdq93iNFnOpVLoVYqBnFEmvR6zexHXNFATrMbbQ==",
      "requires": {
        "@babel/runtime": "^7.13.10",
        "@radix-ui/rect": "0.0.5"
      }
    },
    "@radix-ui/react-use-size": {
      "version": "0.0.6",
      "resolved": "https://registry.npmjs.org/@radix-ui/react-use-size/-/react-use-size-0.0.6.tgz",
      "integrity": "sha512-kP4RIb2I5oHQzwzXJ21Hu8htNqf+sdaRzywxQpbj+hmqeUhpvIkhoq+ShNWV9wE/3c1T7gPnka8/nKYsKaKdCg==",
      "requires": {
        "@babel/runtime": "^7.13.10"
      }
    },
    "@radix-ui/react-visually-hidden": {
      "version": "0.0.13",
      "resolved": "https://registry.npmjs.org/@radix-ui/react-visually-hidden/-/react-visually-hidden-0.0.13.tgz",
      "integrity": "sha512-8VNuE4/3PnyrLv1je56fxaa5qka0Nb6/FlyQEDF2HCPpxVOWR4sxRfSBe8cjy+Me+pJN9ZoKBIuoFCVRk54xJA==",
      "requires": {
        "@babel/runtime": "^7.13.10",
        "@radix-ui/react-polymorphic": "0.0.11",
        "@radix-ui/react-primitive": "0.0.13"
      }
    },
    "@radix-ui/rect": {
      "version": "0.0.5",
      "resolved": "https://registry.npmjs.org/@radix-ui/rect/-/rect-0.0.5.tgz",
      "integrity": "sha512-gXw171KbjyttA7K1DRIvPguLmKsg8raitB67MIcsdZwcquy+a1O2w3xY21NIKEqGhJwqJkECPUmMJDXgMNYuAg==",
      "requires": {
        "@babel/runtime": "^7.13.10"
      }
    },
    "@stitches/react": {
      "version": "0.2.0",
      "resolved": "https://registry.npmjs.org/@stitches/react/-/react-0.2.0.tgz",
      "integrity": "sha512-HJozXVJi+A53woKk1ePVI8iEv5zmldYGPE2hGwsXrBEo+y/aY4R/2G+xvwQPj1tVlG8LuqsyRGNfLaVSAjsumA==",
      "requires": {}
    },
    "@welldone-software/why-did-you-render": {
      "version": "6.2.1",
      "resolved": "https://registry.npmjs.org/@welldone-software/why-did-you-render/-/why-did-you-render-6.2.1.tgz",
      "integrity": "sha512-eIVKeK6ueS3tuzCqMVTaaNrPYvb9cA8NHiNgLA7Op8SD4TiT31zqNjxmhzLEK+y3sBxcwr6YhsiQGX9EThrvaw==",
      "requires": {
        "lodash": "^4"
      }
    },
    "assign-symbols": {
      "version": "1.0.0",
      "resolved": "https://registry.npmjs.org/assign-symbols/-/assign-symbols-1.0.0.tgz",
      "integrity": "sha1-WWZ/QfrdTyDMvCu5a41Pf3jsA2c="
    },
    "attr-accept": {
      "version": "2.2.2",
      "resolved": "https://registry.npmjs.org/attr-accept/-/attr-accept-2.2.2.tgz",
      "integrity": "sha512-7prDjvt9HmqiZ0cl5CRjtS84sEyhsHP2coDkaZKRKVfCDo9s7iw7ChVmar78Gu9pC4SoR/28wFu/G5JJhTnqEg=="
    },
    "colord": {
      "version": "2.9.1",
      "resolved": "https://registry.npmjs.org/colord/-/colord-2.9.1.tgz",
      "integrity": "sha512-4LBMSt09vR0uLnPVkOUBnmxgoaeN4ewRbx801wY/bXcltXfpR/G46OdWn96XpYmCWuYvO46aBZP4NgX8HpNAcw=="
    },
    "csstype": {
      "version": "3.0.9",
      "resolved": "https://registry.npmjs.org/csstype/-/csstype-3.0.9.tgz",
      "integrity": "sha512-rpw6JPxK6Rfg1zLOYCSwle2GFOOsnjmDYDaBwEcwoOg4qlsIVCN789VkBZDJAGi4T07gI4YSutR43t9Zz4Lzuw=="
    },
    "dequal": {
      "version": "2.0.2",
      "resolved": "https://registry.npmjs.org/dequal/-/dequal-2.0.2.tgz",
      "integrity": "sha512-q9K8BlJVxK7hQYqa6XISGmBZbtQQWVXSrRrWreHC94rMt1QL/Impruc+7p2CYSYuVIUr+YCt6hjrs1kkdJRTug=="
    },
    "extend-shallow": {
      "version": "2.0.1",
      "resolved": "https://registry.npmjs.org/extend-shallow/-/extend-shallow-2.0.1.tgz",
      "integrity": "sha1-Ua99YUrZqfYQ6huvu5idaxxWiQ8=",
      "requires": {
        "is-extendable": "^0.1.0"
      },
      "dependencies": {
        "is-extendable": {
          "version": "0.1.1",
          "resolved": "https://registry.npmjs.org/is-extendable/-/is-extendable-0.1.1.tgz",
          "integrity": "sha1-YrEQ4omkcUGOPsNqYX1HLjAd/Ik="
        }
      }
    },
    "file-selector": {
      "version": "0.2.4",
      "resolved": "https://registry.npmjs.org/file-selector/-/file-selector-0.2.4.tgz",
      "integrity": "sha512-ZDsQNbrv6qRi1YTDOEWzf5J2KjZ9KMI1Q2SGeTkCJmNNW25Jg4TW4UMcmoqcg4WrAyKRcpBXdbWRxkfrOzVRbA==",
      "requires": {
        "tslib": "^2.0.3"
      }
    },
    "for-in": {
      "version": "1.0.2",
      "resolved": "https://registry.npmjs.org/for-in/-/for-in-1.0.2.tgz",
      "integrity": "sha1-gQaNKVqBQuwKxybG4iAMMPttXoA="
    },
    "get-value": {
      "version": "2.0.6",
      "resolved": "https://registry.npmjs.org/get-value/-/get-value-2.0.6.tgz",
      "integrity": "sha1-3BXKHGcjh8p2vTesCjlbogQqLCg="
    },
    "is-extendable": {
      "version": "1.0.1",
      "resolved": "https://registry.npmjs.org/is-extendable/-/is-extendable-1.0.1.tgz",
      "integrity": "sha512-arnXMxT1hhoKo9k1LZdmlNyJdDDfy2v0fXjFlmok4+i8ul/6WlbVge9bhM74OpNPQPMGUToDtz+KXa1PneJxOA==",
      "requires": {
        "is-plain-object": "^2.0.4"
      }
    },
    "is-plain-object": {
      "version": "2.0.4",
      "resolved": "https://registry.npmjs.org/is-plain-object/-/is-plain-object-2.0.4.tgz",
      "integrity": "sha512-h5PpgXkWitc38BBMYawTYMWJHFZJVnBquFE57xFpjB8pJFiF6gZ+bU+WyI/yqXiFR5mdLsgYNaPe8uao6Uv9Og==",
      "requires": {
        "isobject": "^3.0.1"
      }
    },
    "isobject": {
      "version": "3.0.1",
      "resolved": "https://registry.npmjs.org/isobject/-/isobject-3.0.1.tgz",
      "integrity": "sha1-TkMekrEalzFjaqH5yNHMvP2reN8="
    },
    "js-tokens": {
      "version": "4.0.0",
      "resolved": "https://registry.npmjs.org/js-tokens/-/js-tokens-4.0.0.tgz",
      "integrity": "sha512-RdJUflcE3cUzKiMqQgsCu06FPu9UdIJO0beYbPhHN4k6apgJtifcoCtT9bcxOpYBtpD2kCM6Sbzg4CausW/PKQ=="
    },
    "leva": {
      "version": "0.9.14",
      "resolved": "https://registry.npmjs.org/leva/-/leva-0.9.14.tgz",
      "integrity": "sha512-AhwgLGBuBdS+uI3pFrEMUOfFqrBhP5PteawQ/KjwK5U0gHnTAzappMfKk2nZsbm+Sko5mInfi6AYPIY1wk0DxQ==",
      "requires": {
        "@radix-ui/react-portal": "^0.0.13",
        "@radix-ui/react-tooltip": "0.0.18",
        "@stitches/react": "0.2.0",
        "@welldone-software/why-did-you-render": "^6.2.0",
        "colord": "^2.0.1",
        "dequal": "^2.0.2",
        "merge-value": "^1.0.0",
        "react-colorful": "^5.2.2",
        "react-dropzone": "^11.3.2",
        "react-use-gesture": "^9.1.3",
        "v8n": "^1.3.3",
        "zustand": "^3.5.2"
      }
    },
    "lodash": {
      "version": "4.17.21",
      "resolved": "https://registry.npmjs.org/lodash/-/lodash-4.17.21.tgz",
      "integrity": "sha512-v2kDEe57lecTulaDIuNTPy3Ry4gLGJ6Z1O3vE1krgXZNrsQ+LFTGHVxVjcXPs17LhbZVGedAJv8XZ1tvj5FvSg=="
    },
    "loose-envify": {
      "version": "1.4.0",
      "resolved": "https://registry.npmjs.org/loose-envify/-/loose-envify-1.4.0.tgz",
      "integrity": "sha512-lyuxPGr/Wfhrlem2CL/UcnUc1zcqKAImBDzukY7Y5F/yQiNdko6+fRLevlw1HgMySw7f611UIY408EtxRSoK3Q==",
      "requires": {
        "js-tokens": "^3.0.0 || ^4.0.0"
      }
    },
    "merge-value": {
      "version": "1.0.0",
      "resolved": "https://registry.npmjs.org/merge-value/-/merge-value-1.0.0.tgz",
      "integrity": "sha512-fJMmvat4NeKz63Uv9iHWcPDjCWcCkoiRoajRTEO8hlhUC6rwaHg0QCF9hBOTjZmm4JuglPckPSTtcuJL5kp0TQ==",
      "requires": {
        "get-value": "^2.0.6",
        "is-extendable": "^1.0.0",
        "mixin-deep": "^1.2.0",
        "set-value": "^2.0.0"
      }
    },
    "mixin-deep": {
      "version": "1.3.2",
      "resolved": "https://registry.npmjs.org/mixin-deep/-/mixin-deep-1.3.2.tgz",
      "integrity": "sha512-WRoDn//mXBiJ1H40rqa3vH0toePwSsGb45iInWlTySa+Uu4k3tYUSxa2v1KqAiLtvlrSzaExqS1gtk96A9zvEA==",
      "requires": {
        "for-in": "^1.0.2",
        "is-extendable": "^1.0.1"
      }
    },
    "object-assign": {
      "version": "4.1.1",
      "resolved": "https://registry.npmjs.org/object-assign/-/object-assign-4.1.1.tgz",
      "integrity": "sha1-IQmtx5ZYh8/AXLvUQsrIv7s2CGM="
    },
    "prop-types": {
      "version": "15.7.2",
      "resolved": "https://registry.npmjs.org/prop-types/-/prop-types-15.7.2.tgz",
      "integrity": "sha512-8QQikdH7//R2vurIJSutZ1smHYTcLpRWEOlHnzcWHmBYrOGUysKwSsrC89BCiFj3CbrfJ/nXFdJepOVrY1GCHQ==",
      "requires": {
        "loose-envify": "^1.4.0",
        "object-assign": "^4.1.1",
        "react-is": "^16.8.1"
      }
    },
    "react": {
      "version": "17.0.2",
      "resolved": "https://registry.npmjs.org/react/-/react-17.0.2.tgz",
      "integrity": "sha512-gnhPt75i/dq/z3/6q/0asP78D0u592D5L1pd7M8P+dck6Fu/jJeL6iVVK23fptSUZj8Vjf++7wXA8UNclGQcbA==",
      "peer": true,
      "requires": {
        "loose-envify": "^1.1.0",
        "object-assign": "^4.1.1"
      }
    },
    "react-colorful": {
      "version": "5.5.0",
      "resolved": "https://registry.npmjs.org/react-colorful/-/react-colorful-5.5.0.tgz",
      "integrity": "sha512-BuzrlrM0ylg7coPkXOrRqlf2BgHLw5L44sybbr9Lg4xy7w9e5N7fGYbojOO0s8J0nvrM3PERN2rVFkvSa24lnQ==",
      "requires": {}
    },
    "react-dom": {
      "version": "17.0.2",
      "resolved": "https://registry.npmjs.org/react-dom/-/react-dom-17.0.2.tgz",
      "integrity": "sha512-s4h96KtLDUQlsENhMn1ar8t2bEa+q/YAtj8pPPdIjPDGBDIVNsrD9aXNWqspUe6AzKCIG0C1HZZLqLV7qpOBGA==",
      "peer": true,
      "requires": {
        "loose-envify": "^1.1.0",
        "object-assign": "^4.1.1",
        "scheduler": "^0.20.2"
      }
    },
    "react-dropzone": {
      "version": "11.4.2",
      "resolved": "https://registry.npmjs.org/react-dropzone/-/react-dropzone-11.4.2.tgz",
      "integrity": "sha512-ocYzYn7Qgp0tFc1gQtUTOaHHSzVTwhWHxxY+r7cj2jJTPfMTZB5GWSJHdIVoxsl+EQENpjJ/6Zvcw0BqKZQ+Eg==",
      "requires": {
        "attr-accept": "^2.2.1",
        "file-selector": "^0.2.2",
        "prop-types": "^15.7.2"
      }
    },
    "react-is": {
      "version": "16.13.1",
      "resolved": "https://registry.npmjs.org/react-is/-/react-is-16.13.1.tgz",
      "integrity": "sha512-24e6ynE2H+OKt4kqsOvNd8kBpV65zoxbA4BVsEOB3ARVWQki/DHzaUoC5KuON/BiccDaCCTZBuOcfZs70kR8bQ=="
    },
    "react-use-gesture": {
      "version": "9.1.3",
      "resolved": "https://registry.npmjs.org/react-use-gesture/-/react-use-gesture-9.1.3.tgz",
      "integrity": "sha512-CdqA2SmS/fj3kkS2W8ZU8wjTbVBAIwDWaRprX7OKaj7HlGwBasGEFggmk5qNklknqk9zK/h8D355bEJFTpqEMg==",
      "requires": {}
    },
    "regenerator-runtime": {
      "version": "0.13.9",
      "resolved": "https://registry.npmjs.org/regenerator-runtime/-/regenerator-runtime-0.13.9.tgz",
      "integrity": "sha512-p3VT+cOEgxFsRRA9X4lkI1E+k2/CtnKtU4gcxyaCUreilL/vqI6CdZ3wxVUx3UOUg+gnUOQQcRI7BmSI656MYA=="
    },
    "scheduler": {
      "version": "0.20.2",
      "resolved": "https://registry.npmjs.org/scheduler/-/scheduler-0.20.2.tgz",
      "integrity": "sha512-2eWfGgAqqWFGqtdMmcL5zCMK1U8KlXv8SQFGglL3CEtd0aDVDWgeF/YoCmvln55m5zSk3J/20hTaSBeSObsQDQ==",
      "peer": true,
      "requires": {
        "loose-envify": "^1.1.0",
        "object-assign": "^4.1.1"
      }
    },
    "set-value": {
      "version": "2.0.1",
      "resolved": "https://registry.npmjs.org/set-value/-/set-value-2.0.1.tgz",
      "integrity": "sha512-JxHc1weCN68wRY0fhCoXpyK55m/XPHafOmK4UWD7m2CI14GMcFypt4w/0+NV5f/ZMby2F6S2wwA7fgynh9gWSw==",
      "requires": {
        "extend-shallow": "^2.0.1",
        "is-extendable": "^0.1.1",
        "is-plain-object": "^2.0.3",
        "split-string": "^3.0.1"
      },
      "dependencies": {
        "is-extendable": {
          "version": "0.1.1",
          "resolved": "https://registry.npmjs.org/is-extendable/-/is-extendable-0.1.1.tgz",
          "integrity": "sha1-YrEQ4omkcUGOPsNqYX1HLjAd/Ik="
        }
      }
    },
    "split-string": {
      "version": "3.1.0",
      "resolved": "https://registry.npmjs.org/split-string/-/split-string-3.1.0.tgz",
      "integrity": "sha512-NzNVhJDYpwceVVii8/Hu6DKfD2G+NrQHlS/V/qgv763EYudVwEcMQNxd2lh+0VrUByXN/oJkl5grOhYWvQUYiw==",
      "requires": {
        "extend-shallow": "^3.0.0"
      },
      "dependencies": {
        "extend-shallow": {
          "version": "3.0.2",
          "resolved": "https://registry.npmjs.org/extend-shallow/-/extend-shallow-3.0.2.tgz",
          "integrity": "sha1-Jqcarwc7OfshJxcnRhMcJwQCjbg=",
          "requires": {
            "assign-symbols": "^1.0.0",
            "is-extendable": "^1.0.1"
          }
        }
      }
    },
    "tslib": {
      "version": "2.3.1",
      "resolved": "https://registry.npmjs.org/tslib/-/tslib-2.3.1.tgz",
      "integrity": "sha512-77EbyPPpMz+FRFRuAFlWMtmgUWGe9UOG2Z25NqCwiIjRhOf5iKGuzSe5P2w1laq+FkRy4p+PCuVkJSGkzTEKVw=="
    },
    "v8n": {
      "version": "1.3.3",
      "resolved": "https://registry.npmjs.org/v8n/-/v8n-1.3.3.tgz",
      "integrity": "sha512-5w0/blXdz5idt+TJj72Vs69HcRYDARRWFami3bj7TLx8qvOVpyL3D3wdnXVrPLWvSApfVe2vBV54V16QYVlJnA=="
    },
    "zustand": {
      "version": "3.6.3",
      "resolved": "https://registry.npmjs.org/zustand/-/zustand-3.6.3.tgz",
      "integrity": "sha512-TJ6QbRxRDiMfiBqEqzgrj1wvtcEiu3sQt5HKFA8IhqPJZNjW+nlJXqVELmaj2vTcMAT4VQ90x8yC+MP1TRWqig==",
      "requires": {}
    }
  }
}
